// !$*UTF8*$!
{
	archiveVersion = 1;
	classes = {
	};
	objectVersion = 50;
	objects = {

/* Begin PBXBuildFile section */
		854348CA2310EA5600411B80 /* AppDelegate.swift in Sources */ = {isa = PBXBuildFile; fileRef = 854348C92310EA5600411B80 /* AppDelegate.swift */; };
		854348CC2310EA5600411B80 /* FirstViewController.swift in Sources */ = {isa = PBXBuildFile; fileRef = 854348CB2310EA5600411B80 /* FirstViewController.swift */; };
		854348CE2310EA5600411B80 /* SecondViewController.swift in Sources */ = {isa = PBXBuildFile; fileRef = 854348CD2310EA5600411B80 /* SecondViewController.swift */; };
		854348D12310EA5600411B80 /* Main.storyboard in Resources */ = {isa = PBXBuildFile; fileRef = 854348CF2310EA5600411B80 /* Main.storyboard */; };
		854348D32310EA5700411B80 /* Assets.xcassets in Resources */ = {isa = PBXBuildFile; fileRef = 854348D22310EA5700411B80 /* Assets.xcassets */; };
		854348D62310EA5700411B80 /* LaunchScreen.storyboard in Resources */ = {isa = PBXBuildFile; fileRef = 854348D42310EA5700411B80 /* LaunchScreen.storyboard */; };
		854348E12310EA5800411B80 /* QuickBiteTests.swift in Sources */ = {isa = PBXBuildFile; fileRef = 854348E02310EA5800411B80 /* QuickBiteTests.swift */; };
/* End PBXBuildFile section */

/* Begin PBXContainerItemProxy section */
		854348DD2310EA5800411B80 /* PBXContainerItemProxy */ = {
			isa = PBXContainerItemProxy;
			containerPortal = 854348BE2310EA5600411B80 /* Project object */;
			proxyType = 1;
			remoteGlobalIDString = 854348C52310EA5600411B80;
			remoteInfo = QuickBite;
		};
/* End PBXContainerItemProxy section */

/* Begin PBXFileReference section */
		854348C62310EA5600411B80 /* QuickBite.app */ = {isa = PBXFileReference; explicitFileType = wrapper.application; includeInIndex = 0; path = QuickBite.app; sourceTree = BUILT_PRODUCTS_DIR; };
		854348C92310EA5600411B80 /* AppDelegate.swift */ = {isa = PBXFileReference; lastKnownFileType = sourcecode.swift; path = AppDelegate.swift; sourceTree = "<group>"; };
		854348CB2310EA5600411B80 /* FirstViewController.swift */ = {isa = PBXFileReference; lastKnownFileType = sourcecode.swift; path = FirstViewController.swift; sourceTree = "<group>"; };
		854348CD2310EA5600411B80 /* SecondViewController.swift */ = {isa = PBXFileReference; lastKnownFileType = sourcecode.swift; path = SecondViewController.swift; sourceTree = "<group>"; };
		854348D02310EA5600411B80 /* Base */ = {isa = PBXFileReference; lastKnownFileType = file.storyboard; name = Base; path = Base.lproj/Main.storyboard; sourceTree = "<group>"; };
		854348D22310EA5700411B80 /* Assets.xcassets */ = {isa = PBXFileReference; lastKnownFileType = folder.assetcatalog; path = Assets.xcassets; sourceTree = "<group>"; };
		854348D52310EA5700411B80 /* Base */ = {isa = PBXFileReference; lastKnownFileType = file.storyboard; name = Base; path = Base.lproj/LaunchScreen.storyboard; sourceTree = "<group>"; };
		854348D72310EA5700411B80 /* Info.plist */ = {isa = PBXFileReference; lastKnownFileType = text.plist.xml; path = Info.plist; sourceTree = "<group>"; };
		854348DC2310EA5800411B80 /* QuickBiteTests.xctest */ = {isa = PBXFileReference; explicitFileType = wrapper.cfbundle; includeInIndex = 0; path = QuickBiteTests.xctest; sourceTree = BUILT_PRODUCTS_DIR; };
		854348E02310EA5800411B80 /* QuickBiteTests.swift */ = {isa = PBXFileReference; lastKnownFileType = sourcecode.swift; path = QuickBiteTests.swift; sourceTree = "<group>"; };
		854348E22310EA5800411B80 /* Info.plist */ = {isa = PBXFileReference; lastKnownFileType = text.plist.xml; path = Info.plist; sourceTree = "<group>"; };
/* End PBXFileReference section */

/* Begin PBXFrameworksBuildPhase section */
		854348C32310EA5600411B80 /* Frameworks */ = {
			isa = PBXFrameworksBuildPhase;
			buildActionMask = 2147483647;
			files = (
			);
			runOnlyForDeploymentPostprocessing = 0;
		};
		854348D92310EA5800411B80 /* Frameworks */ = {
			isa = PBXFrameworksBuildPhase;
			buildActionMask = 2147483647;
			files = (
			);
			runOnlyForDeploymentPostprocessing = 0;
		};
/* End PBXFrameworksBuildPhase section */

/* Begin PBXGroup section */
		854348BD2310EA5600411B80 = {
			isa = PBXGroup;
			children = (
				854348C82310EA5600411B80 /* QuickBite */,
				854348DF2310EA5800411B80 /* QuickBiteTests */,
				854348C72310EA5600411B80 /* Products */,
			);
			sourceTree = "<group>";
		};
		854348C72310EA5600411B80 /* Products */ = {
			isa = PBXGroup;
			children = (
				854348C62310EA5600411B80 /* QuickBite.app */,
				854348DC2310EA5800411B80 /* QuickBiteTests.xctest */,
			);
			name = Products;
			sourceTree = "<group>";
		};
		854348C82310EA5600411B80 /* QuickBite */ = {
			isa = PBXGroup;
			children = (
				854348C92310EA5600411B80 /* AppDelegate.swift */,
				854348CB2310EA5600411B80 /* FirstViewController.swift */,
				854348CD2310EA5600411B80 /* SecondViewController.swift */,
				854348CF2310EA5600411B80 /* Main.storyboard */,
				854348D22310EA5700411B80 /* Assets.xcassets */,
				854348D42310EA5700411B80 /* LaunchScreen.storyboard */,
				854348D72310EA5700411B80 /* Info.plist */,
			);
			path = QuickBite;
			sourceTree = "<group>";
		};
		854348DF2310EA5800411B80 /* QuickBiteTests */ = {
			isa = PBXGroup;
			children = (
				854348E02310EA5800411B80 /* QuickBiteTests.swift */,
				854348E22310EA5800411B80 /* Info.plist */,
			);
			path = QuickBiteTests;
			sourceTree = "<group>";
		};
/* End PBXGroup section */

/* Begin PBXNativeTarget section */
		854348C52310EA5600411B80 /* QuickBite */ = {
			isa = PBXNativeTarget;
			buildConfigurationList = 854348E52310EA5800411B80 /* Build configuration list for PBXNativeTarget "QuickBite" */;
			buildPhases = (
				854348C22310EA5600411B80 /* Sources */,
				854348C32310EA5600411B80 /* Frameworks */,
				854348C42310EA5600411B80 /* Resources */,
			);
			buildRules = (
			);
			dependencies = (
			);
			name = QuickBite;
			productName = QuickBite;
			productReference = 854348C62310EA5600411B80 /* QuickBite.app */;
			productType = "com.apple.product-type.application";
		};
		854348DB2310EA5800411B80 /* QuickBiteTests */ = {
			isa = PBXNativeTarget;
			buildConfigurationList = 854348E82310EA5800411B80 /* Build configuration list for PBXNativeTarget "QuickBiteTests" */;
			buildPhases = (
				854348D82310EA5800411B80 /* Sources */,
				854348D92310EA5800411B80 /* Frameworks */,
				854348DA2310EA5800411B80 /* Resources */,
			);
			buildRules = (
			);
			dependencies = (
				854348DE2310EA5800411B80 /* PBXTargetDependency */,
			);
			name = QuickBiteTests;
			productName = QuickBiteTests;
			productReference = 854348DC2310EA5800411B80 /* QuickBiteTests.xctest */;
			productType = "com.apple.product-type.bundle.unit-test";
		};
/* End PBXNativeTarget section */

/* Begin PBXProject section */
		854348BE2310EA5600411B80 /* Project object */ = {
			isa = PBXProject;
			attributes = {
				LastSwiftUpdateCheck = 1030;
				LastUpgradeCheck = 1030;
				ORGANIZATIONNAME = GriffSoft;
				TargetAttributes = {
					854348C52310EA5600411B80 = {
						CreatedOnToolsVersion = 10.3;
					};
					854348DB2310EA5800411B80 = {
						CreatedOnToolsVersion = 10.3;
						TestTargetID = 854348C52310EA5600411B80;
					};
				};
			};
			buildConfigurationList = 854348C12310EA5600411B80 /* Build configuration list for PBXProject "QuickBite" */;
			compatibilityVersion = "Xcode 9.3";
			developmentRegion = en;
			hasScannedForEncodings = 0;
			knownRegions = (
				en,
				Base,
			);
			mainGroup = 854348BD2310EA5600411B80;
			productRefGroup = 854348C72310EA5600411B80 /* Products */;
			projectDirPath = "";
			projectRoot = "";
			targets = (
				854348C52310EA5600411B80 /* QuickBite */,
				854348DB2310EA5800411B80 /* QuickBiteTests */,
			);
		};
/* End PBXProject section */

/* Begin PBXResourcesBuildPhase section */
		854348C42310EA5600411B80 /* Resources */ = {
			isa = PBXResourcesBuildPhase;
			buildActionMask = 2147483647;
			files = (
				854348D62310EA5700411B80 /* LaunchScreen.storyboard in Resources */,
				854348D32310EA5700411B80 /* Assets.xcassets in Resources */,
				854348D12310EA5600411B80 /* Main.storyboard in Resources */,
			);
			runOnlyForDeploymentPostprocessing = 0;
		};
		854348DA2310EA5800411B80 /* Resources */ = {
			isa = PBXResourcesBuildPhase;
			buildActionMask = 2147483647;
			files = (
			);
			runOnlyForDeploymentPostprocessing = 0;
		};
/* End PBXResourcesBuildPhase section */

/* Begin PBXSourcesBuildPhase section */
		854348C22310EA5600411B80 /* Sources */ = {
			isa = PBXSourcesBuildPhase;
			buildActionMask = 2147483647;
			files = (
				854348CE2310EA5600411B80 /* SecondViewController.swift in Sources */,
				854348CA2310EA5600411B80 /* AppDelegate.swift in Sources */,
				854348CC2310EA5600411B80 /* FirstViewController.swift in Sources */,
			);
			runOnlyForDeploymentPostprocessing = 0;
		};
		854348D82310EA5800411B80 /* Sources */ = {
			isa = PBXSourcesBuildPhase;
			buildActionMask = 2147483647;
			files = (
				854348E12310EA5800411B80 /* QuickBiteTests.swift in Sources */,
			);
			runOnlyForDeploymentPostprocessing = 0;
		};
/* End PBXSourcesBuildPhase section */

/* Begin PBXTargetDependency section */
		854348DE2310EA5800411B80 /* PBXTargetDependency */ = {
			isa = PBXTargetDependency;
			target = 854348C52310EA5600411B80 /* QuickBite */;
			targetProxy = 854348DD2310EA5800411B80 /* PBXContainerItemProxy */;
		};
/* End PBXTargetDependency section */

/* Begin PBXVariantGroup section */
		854348CF2310EA5600411B80 /* Main.storyboard */ = {
			isa = PBXVariantGroup;
			children = (
				854348D02310EA5600411B80 /* Base */,
			);
			name = Main.storyboard;
			sourceTree = "<group>";
		};
		854348D42310EA5700411B80 /* LaunchScreen.storyboard */ = {
			isa = PBXVariantGroup;
			children = (
				854348D52310EA5700411B80 /* Base */,
			);
			name = LaunchScreen.storyboard;
			sourceTree = "<group>";
		};
/* End PBXVariantGroup section */

/* Begin XCBuildConfiguration section */
		854348E32310EA5800411B80 /* Debug */ = {
			isa = XCBuildConfiguration;
			buildSettings = {
				ALWAYS_SEARCH_USER_PATHS = NO;
				CLANG_ANALYZER_NONNULL = YES;
				CLANG_ANALYZER_NUMBER_OBJECT_CONVERSION = YES_AGGRESSIVE;
				CLANG_CXX_LANGUAGE_STANDARD = "gnu++14";
				CLANG_CXX_LIBRARY = "libc++";
				CLANG_ENABLE_MODULES = YES;
				CLANG_ENABLE_OBJC_ARC = YES;
				CLANG_ENABLE_OBJC_WEAK = YES;
				CLANG_WARN_BLOCK_CAPTURE_AUTORELEASING = YES;
				CLANG_WARN_BOOL_CONVERSION = YES;
				CLANG_WARN_COMMA = YES;
				CLANG_WARN_CONSTANT_CONVERSION = YES;
				CLANG_WARN_DEPRECATED_OBJC_IMPLEMENTATIONS = YES;
				CLANG_WARN_DIRECT_OBJC_ISA_USAGE = YES_ERROR;
				CLANG_WARN_DOCUMENTATION_COMMENTS = YES;
				CLANG_WARN_EMPTY_BODY = YES;
				CLANG_WARN_ENUM_CONVERSION = YES;
				CLANG_WARN_INFINITE_RECURSION = YES;
				CLANG_WARN_INT_CONVERSION = YES;
				CLANG_WARN_NON_LITERAL_NULL_CONVERSION = YES;
				CLANG_WARN_OBJC_IMPLICIT_RETAIN_SELF = YES;
				CLANG_WARN_OBJC_LITERAL_CONVERSION = YES;
				CLANG_WARN_OBJC_ROOT_CLASS = YES_ERROR;
				CLANG_WARN_RANGE_LOOP_ANALYSIS = YES;
				CLANG_WARN_STRICT_PROTOTYPES = YES;
				CLANG_WARN_SUSPICIOUS_MOVE = YES;
				CLANG_WARN_UNGUARDED_AVAILABILITY = YES_AGGRESSIVE;
				CLANG_WARN_UNREACHABLE_CODE = YES;
				CLANG_WARN__DUPLICATE_METHOD_MATCH = YES;
				CODE_SIGN_IDENTITY = "iPhone Developer";
				COPY_PHASE_STRIP = NO;
				DEBUG_INFORMATION_FORMAT = dwarf;
				ENABLE_STRICT_OBJC_MSGSEND = YES;
				ENABLE_TESTABILITY = YES;
				GCC_C_LANGUAGE_STANDARD = gnu11;
				GCC_DYNAMIC_NO_PIC = NO;
				GCC_NO_COMMON_BLOCKS = YES;
				GCC_OPTIMIZATION_LEVEL = 0;
				GCC_PREPROCESSOR_DEFINITIONS = (
					"DEBUG=1",
					"$(inherited)",
				);
				GCC_WARN_64_TO_32_BIT_CONVERSION = YES;
				GCC_WARN_ABOUT_RETURN_TYPE = YES_ERROR;
				GCC_WARN_UNDECLARED_SELECTOR = YES;
				GCC_WARN_UNINITIALIZED_AUTOS = YES_AGGRESSIVE;
				GCC_WARN_UNUSED_FUNCTION = YES;
				GCC_WARN_UNUSED_VARIABLE = YES;
				IPHONEOS_DEPLOYMENT_TARGET = 12.4;
				MTL_ENABLE_DEBUG_INFO = INCLUDE_SOURCE;
				MTL_FAST_MATH = YES;
				ONLY_ACTIVE_ARCH = YES;
				SDKROOT = iphoneos;
				SWIFT_ACTIVE_COMPILATION_CONDITIONS = DEBUG;
				SWIFT_OPTIMIZATION_LEVEL = "-Onone";
			};
			name = Debug;
		};
		854348E42310EA5800411B80 /* Release */ = {
			isa = XCBuildConfiguration;
			buildSettings = {
				ALWAYS_SEARCH_USER_PATHS = NO;
				CLANG_ANALYZER_NONNULL = YES;
				CLANG_ANALYZER_NUMBER_OBJECT_CONVERSION = YES_AGGRESSIVE;
				CLANG_CXX_LANGUAGE_STANDARD = "gnu++14";
				CLANG_CXX_LIBRARY = "libc++";
				CLANG_ENABLE_MODULES = YES;
				CLANG_ENABLE_OBJC_ARC = YES;
				CLANG_ENABLE_OBJC_WEAK = YES;
				CLANG_WARN_BLOCK_CAPTURE_AUTORELEASING = YES;
				CLANG_WARN_BOOL_CONVERSION = YES;
				CLANG_WARN_COMMA = YES;
				CLANG_WARN_CONSTANT_CONVERSION = YES;
				CLANG_WARN_DEPRECATED_OBJC_IMPLEMENTATIONS = YES;
				CLANG_WARN_DIRECT_OBJC_ISA_USAGE = YES_ERROR;
				CLANG_WARN_DOCUMENTATION_COMMENTS = YES;
				CLANG_WARN_EMPTY_BODY = YES;
				CLANG_WARN_ENUM_CONVERSION = YES;
				CLANG_WARN_INFINITE_RECURSION = YES;
				CLANG_WARN_INT_CONVERSION = YES;
				CLANG_WARN_NON_LITERAL_NULL_CONVERSION = YES;
				CLANG_WARN_OBJC_IMPLICIT_RETAIN_SELF = YES;
				CLANG_WARN_OBJC_LITERAL_CONVERSION = YES;
				CLANG_WARN_OBJC_ROOT_CLASS = YES_ERROR;
				CLANG_WARN_RANGE_LOOP_ANALYSIS = YES;
				CLANG_WARN_STRICT_PROTOTYPES = YES;
				CLANG_WARN_SUSPICIOUS_MOVE = YES;
				CLANG_WARN_UNGUARDED_AVAILABILITY = YES_AGGRESSIVE;
				CLANG_WARN_UNREACHABLE_CODE = YES;
				CLANG_WARN__DUPLICATE_METHOD_MATCH = YES;
				CODE_SIGN_IDENTITY = "iPhone Developer";
				COPY_PHASE_STRIP = NO;
				DEBUG_INFORMATION_FORMAT = "dwarf-with-dsym";
				ENABLE_NS_ASSERTIONS = NO;
				ENABLE_STRICT_OBJC_MSGSEND = YES;
				GCC_C_LANGUAGE_STANDARD = gnu11;
				GCC_NO_COMMON_BLOCKS = YES;
				GCC_WARN_64_TO_32_BIT_CONVERSION = YES;
				GCC_WARN_ABOUT_RETURN_TYPE = YES_ERROR;
				GCC_WARN_UNDECLARED_SELECTOR = YES;
				GCC_WARN_UNINITIALIZED_AUTOS = YES_AGGRESSIVE;
				GCC_WARN_UNUSED_FUNCTION = YES;
				GCC_WARN_UNUSED_VARIABLE = YES;
				IPHONEOS_DEPLOYMENT_TARGET = 12.4;
				MTL_ENABLE_DEBUG_INFO = NO;
				MTL_FAST_MATH = YES;
				SDKROOT = iphoneos;
				SWIFT_COMPILATION_MODE = wholemodule;
				SWIFT_OPTIMIZATION_LEVEL = "-O";
				VALIDATE_PRODUCT = YES;
			};
			name = Release;
		};
		854348E62310EA5800411B80 /* Debug */ = {
			isa = XCBuildConfiguration;
			buildSettings = {
				ASSETCATALOG_COMPILER_APPICON_NAME = AppIcon;
				CODE_SIGN_STYLE = Automatic;
				DEVELOPMENT_TEAM = 57L99L9WFF;
				INFOPLIST_FILE = QuickBite/Info.plist;
				LD_RUNPATH_SEARCH_PATHS = (
					"$(inherited)",
					"@executable_path/Frameworks",
				);
				PRODUCT_BUNDLE_IDENTIFIER = com.griffsoft.QuickBite;
				PRODUCT_NAME = "$(TARGET_NAME)";
				SWIFT_VERSION = 5.0;
				TARGETED_DEVICE_FAMILY = "1,2";
			};
			name = Debug;
		};
		854348E72310EA5800411B80 /* Release */ = {
			isa = XCBuildConfiguration;
			buildSettings = {
				ASSETCATALOG_COMPILER_APPICON_NAME = AppIcon;
				CODE_SIGN_STYLE = Automatic;
				DEVELOPMENT_TEAM = 57L99L9WFF;
				INFOPLIST_FILE = QuickBite/Info.plist;
				LD_RUNPATH_SEARCH_PATHS = (
					"$(inherited)",
					"@executable_path/Frameworks",
				);
				PRODUCT_BUNDLE_IDENTIFIER = com.griffsoft.QuickBite;
				PRODUCT_NAME = "$(TARGET_NAME)";
				SWIFT_VERSION = 5.0;
				TARGETED_DEVICE_FAMILY = "1,2";
			};
			name = Release;
		};
		854348E92310EA5800411B80 /* Debug */ = {
			isa = XCBuildConfiguration;
			buildSettings = {
				ALWAYS_EMBED_SWIFT_STANDARD_LIBRARIES = YES;
				BUNDLE_LOADER = "$(TEST_HOST)";
				CODE_SIGN_STYLE = Automatic;
				DEVELOPMENT_TEAM = 57L99L9WFF;
				INFOPLIST_FILE = QuickBiteTests/Info.plist;
				LD_RUNPATH_SEARCH_PATHS = (
					"$(inherited)",
					"@executable_path/Frameworks",
					"@loader_path/Frameworks",
				);
				PRODUCT_BUNDLE_IDENTIFIER = com.griffsoft.QuickBiteTests;
				PRODUCT_NAME = "$(TARGET_NAME)";
				SWIFT_VERSION = 5.0;
				TARGETED_DEVICE_FAMILY = "1,2";
				TEST_HOST = "$(BUILT_PRODUCTS_DIR)/QuickBite.app/QuickBite";
			};
			name = Debug;
		};
		854348EA2310EA5800411B80 /* Release */ = {
			isa = XCBuildConfiguration;
			buildSettings = {
				ALWAYS_EMBED_SWIFT_STANDARD_LIBRARIES = YES;
				BUNDLE_LOADER = "$(TEST_HOST)";
				CODE_SIGN_STYLE = Automatic;
				DEVELOPMENT_TEAM = 57L99L9WFF;
				INFOPLIST_FILE = QuickBiteTests/Info.plist;
				LD_RUNPATH_SEARCH_PATHS = (
					"$(inherited)",
					"@executable_path/Frameworks",
					"@loader_path/Frameworks",
				);
				PRODUCT_BUNDLE_IDENTIFIER = com.griffsoft.QuickBiteTests;
				PRODUCT_NAME = "$(TARGET_NAME)";
				SWIFT_VERSION = 5.0;
				TARGETED_DEVICE_FAMILY = "1,2";
				TEST_HOST = "$(BUILT_PRODUCTS_DIR)/QuickBite.app/QuickBite";
			};
			name = Release;
		};
/* End XCBuildConfiguration section */

/* Begin XCConfigurationList section */
		854348C12310EA5600411B80 /* Build configuration list for PBXProject "QuickBite" */ = {
			isa = XCConfigurationList;
			buildConfigurations = (
				854348E32310EA5800411B80 /* Debug */,
				854348E42310EA5800411B80 /* Release */,
			);
			defaultConfigurationIsVisible = 0;
			defaultConfigurationName = Release;
		};
		854348E52310EA5800411B80 /* Build configuration list for PBXNativeTarget "QuickBite" */ = {
			isa = XCConfigurationList;
			buildConfigurations = (
				854348E62310EA5800411B80 /* Debug */,
				854348E72310EA5800411B80 /* Release */,
			);
			defaultConfigurationIsVisible = 0;
			defaultConfigurationName = Release;
		};
		854348E82310EA5800411B80 /* Build configuration list for PBXNativeTarget "QuickBiteTests" */ = {
			isa = XCConfigurationList;
			buildConfigurations = (
				854348E92310EA5800411B80 /* Debug */,
				854348EA2310EA5800411B80 /* Release */,
			);
			defaultConfigurationIsVisible = 0;
			defaultConfigurationName = Release;
		};
/* End XCConfigurationList section */
	};
	rootObject = 854348BE2310EA5600411B80 /* Project object */;
}
